
Microsoft Visual Studio Solution File, Format Version 12.00
# Visual Studio 15
VisualStudioVersion = 15.0.28307.705
MinimumVisualStudioVersion = 10.0.40219.1
Project("{9A19103F-16F7-4668-BE54-9A1E7A4F7556}") = "CvsParser", "CvsParser\CvsParser.csproj", "{3E375F78-A96D-4A72-BB98-CF7CDD5D2088}"
EndProject
Project("{9A19103F-16F7-4668-BE54-9A1E7A4F7556}") = "CsvFramework", "CsvFramework\CsvFramework.csproj", "{FFF0E198-F456-4E01-ACFE-49C56F13489D}"
EndProject
Global
	GlobalSection(SolutionConfigurationPlatforms) = preSolution
		Debug|Any CPU = Debug|Any CPU
		Release|Any CPU = Release|Any CPU
	EndGlobalSection
	GlobalSection(ProjectConfigurationPlatforms) = postSolution
		{3E375F78-A96D-4A72-BB98-CF7CDD5D2088}.Debug|Any CPU.ActiveCfg = Debug|Any CPU
		{3E375F78-A96D-4A72-BB98-CF7CDD5D2088}.Debug|Any CPU.Build.0 = Debug|Any CPU
		{3E375F78-A96D-4A72-BB98-CF7CDD5D2088}.Release|Any CPU.ActiveCfg = Release|Any CPU
		{3E375F78-A96D-4A72-BB98-CF7CDD5D2088}.Release|Any CPU.Build.0 = Release|Any CPU
		{FFF0E198-F456-4E01-ACFE-49C56F13489D}.Debug|Any CPU.ActiveCfg = Debug|Any CPU
		{FFF0E198-F456-4E01-ACFE-49C56F13489D}.Debug|Any CPU.Build.0 = Debug|Any CPU
		{FFF0E198-F456-4E01-ACFE-49C56F13489D}.Release|Any CPU.ActiveCfg = Release|Any CPU
		{FFF0E198-F456-4E01-ACFE-49C56F13489D}.Release|Any CPU.Build.0 = Release|Any CPU
	EndGlobalSection
	GlobalSection(SolutionProperties) = preSolution
		HideSolutionNode = FALSE
	EndGlobalSection
	GlobalSection(ExtensibilityGlobals) = postSolution
		SolutionGuid = {9F6967B6-B9E3-4E84-A368-A3196F6703E1}
	EndGlobalSection
EndGlobal
